// !$*UTF8*$!
{
	archiveVersion = 1;
	classes = {
	};
	objectVersion = 46;
	objects = {

/* Begin PBXBuildFile section */
		408C0B801D21E14A003237E3 /* AppDelegate.swift in Sources */ = {isa = PBXBuildFile; fileRef = 408C0B7F1D21E14A003237E3 /* AppDelegate.swift */; };
		408C0B821D21E14A003237E3 /* ViewController.swift in Sources */ = {isa = PBXBuildFile; fileRef = 408C0B811D21E14A003237E3 /* ViewController.swift */; };
		408C0B851D21E14A003237E3 /* Main.storyboard in Resources */ = {isa = PBXBuildFile; fileRef = 408C0B831D21E14A003237E3 /* Main.storyboard */; };
		408C0B871D21E14A003237E3 /* Assets.xcassets in Resources */ = {isa = PBXBuildFile; fileRef = 408C0B861D21E14A003237E3 /* Assets.xcassets */; };
		408C0B8A1D21E14A003237E3 /* LaunchScreen.storyboard in Resources */ = {isa = PBXBuildFile; fileRef = 408C0B881D21E14A003237E3 /* LaunchScreen.storyboard */; };
		408C0B951D21E14A003237E3 /* MirexTests.swift in Sources */ = {isa = PBXBuildFile; fileRef = 408C0B941D21E14A003237E3 /* MirexTests.swift */; };
		408C0BA01D21E14A003237E3 /* MirexUITests.swift in Sources */ = {isa = PBXBuildFile; fileRef = 408C0B9F1D21E14A003237E3 /* MirexUITests.swift */; };
		408C0BAF1D21ED01003237E3 /* BackendModels.swift in Sources */ = {isa = PBXBuildFile; fileRef = 408C0BAE1D21ED01003237E3 /* BackendModels.swift */; };
		408C0BB31D21F051003237E3 /* OfferListItemCell.swift in Sources */ = {isa = PBXBuildFile; fileRef = 408C0BB11D21F051003237E3 /* OfferListItemCell.swift */; };
		408C0BB41D21F051003237E3 /* OfferListItemCell.xib in Resources */ = {isa = PBXBuildFile; fileRef = 408C0BB21D21F051003237E3 /* OfferListItemCell.xib */; };
		CB47B8B2AD6EBE2D79B13589 /* Pods_MirexUITests.framework in Frameworks */ = {isa = PBXBuildFile; fileRef = 5C69D67C973BF39AC76B59DF /* Pods_MirexUITests.framework */; };
		D3825D7C291E65DB6B52BC94 /* Pods_MirexTests.framework in Frameworks */ = {isa = PBXBuildFile; fileRef = F4E5C392F669CBB778C70569 /* Pods_MirexTests.framework */; };
		E5B42F1CAA98827E8CB2999C /* Pods_Mirex.framework in Frameworks */ = {isa = PBXBuildFile; fileRef = C45D7D4C82C8B584027CC980 /* Pods_Mirex.framework */; };
/* End PBXBuildFile section */

/* Begin PBXContainerItemProxy section */
		408C0B911D21E14A003237E3 /* PBXContainerItemProxy */ = {
			isa = PBXContainerItemProxy;
			containerPortal = 408C0B741D21E14A003237E3 /* Project object */;
			proxyType = 1;
			remoteGlobalIDString = 408C0B7B1D21E14A003237E3;
			remoteInfo = Mirex;
		};
		408C0B9C1D21E14A003237E3 /* PBXContainerItemProxy */ = {
			isa = PBXContainerItemProxy;
			containerPortal = 408C0B741D21E14A003237E3 /* Project object */;
			proxyType = 1;
			remoteGlobalIDString = 408C0B7B1D21E14A003237E3;
			remoteInfo = Mirex;
		};
/* End PBXContainerItemProxy section */

/* Begin PBXFileReference section */
		1663CCD42B403888D142E120 /* Pods-MirexUITests.release.xcconfig */ = {isa = PBXFileReference; includeInIndex = 1; lastKnownFileType = text.xcconfig; name = "Pods-MirexUITests.release.xcconfig"; path = "Pods/Target Support Files/Pods-MirexUITests/Pods-MirexUITests.release.xcconfig"; sourceTree = "<group>"; };
		408C0B7C1D21E14A003237E3 /* Mirex.app */ = {isa = PBXFileReference; explicitFileType = wrapper.application; includeInIndex = 0; path = Mirex.app; sourceTree = BUILT_PRODUCTS_DIR; };
		408C0B7F1D21E14A003237E3 /* AppDelegate.swift */ = {isa = PBXFileReference; lastKnownFileType = sourcecode.swift; path = AppDelegate.swift; sourceTree = "<group>"; };
		408C0B811D21E14A003237E3 /* ViewController.swift */ = {isa = PBXFileReference; lastKnownFileType = sourcecode.swift; path = ViewController.swift; sourceTree = "<group>"; };
		408C0B841D21E14A003237E3 /* Base */ = {isa = PBXFileReference; lastKnownFileType = file.storyboard; name = Base; path = Base.lproj/Main.storyboard; sourceTree = "<group>"; };
		408C0B861D21E14A003237E3 /* Assets.xcassets */ = {isa = PBXFileReference; lastKnownFileType = folder.assetcatalog; path = Assets.xcassets; sourceTree = "<group>"; };
		408C0B891D21E14A003237E3 /* Base */ = {isa = PBXFileReference; lastKnownFileType = file.storyboard; name = Base; path = Base.lproj/LaunchScreen.storyboard; sourceTree = "<group>"; };
		408C0B8B1D21E14A003237E3 /* Info.plist */ = {isa = PBXFileReference; lastKnownFileType = text.plist.xml; path = Info.plist; sourceTree = "<group>"; };
		408C0B901D21E14A003237E3 /* MirexTests.xctest */ = {isa = PBXFileReference; explicitFileType = wrapper.cfbundle; includeInIndex = 0; path = MirexTests.xctest; sourceTree = BUILT_PRODUCTS_DIR; };
		408C0B941D21E14A003237E3 /* MirexTests.swift */ = {isa = PBXFileReference; lastKnownFileType = sourcecode.swift; path = MirexTests.swift; sourceTree = "<group>"; };
		408C0B961D21E14A003237E3 /* Info.plist */ = {isa = PBXFileReference; lastKnownFileType = text.plist.xml; path = Info.plist; sourceTree = "<group>"; };
		408C0B9B1D21E14A003237E3 /* MirexUITests.xctest */ = {isa = PBXFileReference; explicitFileType = wrapper.cfbundle; includeInIndex = 0; path = MirexUITests.xctest; sourceTree = BUILT_PRODUCTS_DIR; };
		408C0B9F1D21E14A003237E3 /* MirexUITests.swift */ = {isa = PBXFileReference; lastKnownFileType = sourcecode.swift; path = MirexUITests.swift; sourceTree = "<group>"; };
		408C0BA11D21E14A003237E3 /* Info.plist */ = {isa = PBXFileReference; lastKnownFileType = text.plist.xml; path = Info.plist; sourceTree = "<group>"; };
		408C0BAE1D21ED01003237E3 /* BackendModels.swift */ = {isa = PBXFileReference; fileEncoding = 4; lastKnownFileType = sourcecode.swift; path = BackendModels.swift; sourceTree = "<group>"; };
		408C0BB11D21F051003237E3 /* OfferListItemCell.swift */ = {isa = PBXFileReference; fileEncoding = 4; lastKnownFileType = sourcecode.swift; path = OfferListItemCell.swift; sourceTree = "<group>"; };
		408C0BB21D21F051003237E3 /* OfferListItemCell.xib */ = {isa = PBXFileReference; fileEncoding = 4; lastKnownFileType = file.xib; path = OfferListItemCell.xib; sourceTree = "<group>"; };
		5C69D67C973BF39AC76B59DF /* Pods_MirexUITests.framework */ = {isa = PBXFileReference; explicitFileType = wrapper.framework; includeInIndex = 0; path = Pods_MirexUITests.framework; sourceTree = BUILT_PRODUCTS_DIR; };
		5E371B1B8CC675C0955D5C17 /* Pods-Mirex.debug.xcconfig */ = {isa = PBXFileReference; includeInIndex = 1; lastKnownFileType = text.xcconfig; name = "Pods-Mirex.debug.xcconfig"; path = "Pods/Target Support Files/Pods-Mirex/Pods-Mirex.debug.xcconfig"; sourceTree = "<group>"; };
		89392987ED8A6BCE7BDF716B /* Pods-MirexTests.debug.xcconfig */ = {isa = PBXFileReference; includeInIndex = 1; lastKnownFileType = text.xcconfig; name = "Pods-MirexTests.debug.xcconfig"; path = "Pods/Target Support Files/Pods-MirexTests/Pods-MirexTests.debug.xcconfig"; sourceTree = "<group>"; };
		8BCAD2F30A79BE03D1606B0F /* Pods-MirexTests.release.xcconfig */ = {isa = PBXFileReference; includeInIndex = 1; lastKnownFileType = text.xcconfig; name = "Pods-MirexTests.release.xcconfig"; path = "Pods/Target Support Files/Pods-MirexTests/Pods-MirexTests.release.xcconfig"; sourceTree = "<group>"; };
		C45D7D4C82C8B584027CC980 /* Pods_Mirex.framework */ = {isa = PBXFileReference; explicitFileType = wrapper.framework; includeInIndex = 0; path = Pods_Mirex.framework; sourceTree = BUILT_PRODUCTS_DIR; };
		E891A332A73718FAEE0C376F /* Pods-Mirex.release.xcconfig */ = {isa = PBXFileReference; includeInIndex = 1; lastKnownFileType = text.xcconfig; name = "Pods-Mirex.release.xcconfig"; path = "Pods/Target Support Files/Pods-Mirex/Pods-Mirex.release.xcconfig"; sourceTree = "<group>"; };
		F4E5C392F669CBB778C70569 /* Pods_MirexTests.framework */ = {isa = PBXFileReference; explicitFileType = wrapper.framework; includeInIndex = 0; path = Pods_MirexTests.framework; sourceTree = BUILT_PRODUCTS_DIR; };
		FC213EA4B18739036408B653 /* Pods-MirexUITests.debug.xcconfig */ = {isa = PBXFileReference; includeInIndex = 1; lastKnownFileType = text.xcconfig; name = "Pods-MirexUITests.debug.xcconfig"; path = "Pods/Target Support Files/Pods-MirexUITests/Pods-MirexUITests.debug.xcconfig"; sourceTree = "<group>"; };
/* End PBXFileReference section */

/* Begin PBXFrameworksBuildPhase section */
		408C0B791D21E14A003237E3 /* Frameworks */ = {
			isa = PBXFrameworksBuildPhase;
			buildActionMask = 2147483647;
			files = (
				E5B42F1CAA98827E8CB2999C /* Pods_Mirex.framework in Frameworks */,
			);
			runOnlyForDeploymentPostprocessing = 0;
		};
		408C0B8D1D21E14A003237E3 /* Frameworks */ = {
			isa = PBXFrameworksBuildPhase;
			buildActionMask = 2147483647;
			files = (
				D3825D7C291E65DB6B52BC94 /* Pods_MirexTests.framework in Frameworks */,
			);
			runOnlyForDeploymentPostprocessing = 0;
		};
		408C0B981D21E14A003237E3 /* Frameworks */ = {
			isa = PBXFrameworksBuildPhase;
			buildActionMask = 2147483647;
			files = (
				CB47B8B2AD6EBE2D79B13589 /* Pods_MirexUITests.framework in Frameworks */,
			);
			runOnlyForDeploymentPostprocessing = 0;
		};
/* End PBXFrameworksBuildPhase section */

/* Begin PBXGroup section */
		408C0B731D21E14A003237E3 = {
			isa = PBXGroup;
			children = (
				408C0B7E1D21E14A003237E3 /* Mirex */,
				408C0B931D21E14A003237E3 /* MirexTests */,
				408C0B9E1D21E14A003237E3 /* MirexUITests */,
				408C0B7D1D21E14A003237E3 /* Products */,
				94BBD258FE37AC7A285B7D98 /* Pods */,
				6D97AFCBE20F327EB86279F2 /* Frameworks */,
			);
			sourceTree = "<group>";
		};
		408C0B7D1D21E14A003237E3 /* Products */ = {
			isa = PBXGroup;
			children = (
				408C0B7C1D21E14A003237E3 /* Mirex.app */,
				408C0B901D21E14A003237E3 /* MirexTests.xctest */,
				408C0B9B1D21E14A003237E3 /* MirexUITests.xctest */,
			);
			name = Products;
			sourceTree = "<group>";
		};
		408C0B7E1D21E14A003237E3 /* Mirex */ = {
			isa = PBXGroup;
			children = (
				408C0BB01D21F013003237E3 /* UI */,
				408C0BAD1D21ECB7003237E3 /* BackendModel */,
				408C0B7F1D21E14A003237E3 /* AppDelegate.swift */,
				408C0B811D21E14A003237E3 /* ViewController.swift */,
				408C0B831D21E14A003237E3 /* Main.storyboard */,
				408C0B861D21E14A003237E3 /* Assets.xcassets */,
				408C0B881D21E14A003237E3 /* LaunchScreen.storyboard */,
				408C0B8B1D21E14A003237E3 /* Info.plist */,
			);
			path = Mirex;
			sourceTree = "<group>";
		};
		408C0B931D21E14A003237E3 /* MirexTests */ = {
			isa = PBXGroup;
			children = (
				408C0B941D21E14A003237E3 /* MirexTests.swift */,
				408C0B961D21E14A003237E3 /* Info.plist */,
			);
			path = MirexTests;
			sourceTree = "<group>";
		};
		408C0B9E1D21E14A003237E3 /* MirexUITests */ = {
			isa = PBXGroup;
			children = (
				408C0B9F1D21E14A003237E3 /* MirexUITests.swift */,
				408C0BA11D21E14A003237E3 /* Info.plist */,
			);
			path = MirexUITests;
			sourceTree = "<group>";
		};
		408C0BAD1D21ECB7003237E3 /* BackendModel */ = {
			isa = PBXGroup;
			children = (
				408C0BAE1D21ED01003237E3 /* BackendModels.swift */,
			);
			name = BackendModel;
			sourceTree = "<group>";
		};
		408C0BB01D21F013003237E3 /* UI */ = {
			isa = PBXGroup;
			children = (
				408C0BB11D21F051003237E3 /* OfferListItemCell.swift */,
				408C0BB21D21F051003237E3 /* OfferListItemCell.xib */,
			);
			name = UI;
			sourceTree = "<group>";
		};
		6D97AFCBE20F327EB86279F2 /* Frameworks */ = {
			isa = PBXGroup;
			children = (
				C45D7D4C82C8B584027CC980 /* Pods_Mirex.framework */,
				F4E5C392F669CBB778C70569 /* Pods_MirexTests.framework */,
				5C69D67C973BF39AC76B59DF /* Pods_MirexUITests.framework */,
			);
			name = Frameworks;
			sourceTree = "<group>";
		};
		94BBD258FE37AC7A285B7D98 /* Pods */ = {
			isa = PBXGroup;
			children = (
				5E371B1B8CC675C0955D5C17 /* Pods-Mirex.debug.xcconfig */,
				E891A332A73718FAEE0C376F /* Pods-Mirex.release.xcconfig */,
				89392987ED8A6BCE7BDF716B /* Pods-MirexTests.debug.xcconfig */,
				8BCAD2F30A79BE03D1606B0F /* Pods-MirexTests.release.xcconfig */,
				FC213EA4B18739036408B653 /* Pods-MirexUITests.debug.xcconfig */,
				1663CCD42B403888D142E120 /* Pods-MirexUITests.release.xcconfig */,
			);
			name = Pods;
			sourceTree = "<group>";
		};
/* End PBXGroup section */

/* Begin PBXNativeTarget section */
		408C0B7B1D21E14A003237E3 /* Mirex */ = {
			isa = PBXNativeTarget;
			buildConfigurationList = 408C0BA41D21E14A003237E3 /* Build configuration list for PBXNativeTarget "Mirex" */;
			buildPhases = (
				0BF0F77B9E77B36761974F90 /* [CP] Check Pods Manifest.lock */,
				408C0B781D21E14A003237E3 /* Sources */,
				408C0B791D21E14A003237E3 /* Frameworks */,
				408C0B7A1D21E14A003237E3 /* Resources */,
				EA5A1AC5D3C2D288BFD67328 /* [CP] Embed Pods Frameworks */,
				35C3C51A3D25A9CC910F8183 /* [CP] Copy Pods Resources */,
			);
			buildRules = (
			);
			dependencies = (
			);
			name = Mirex;
			productName = Mirex;
			productReference = 408C0B7C1D21E14A003237E3 /* Mirex.app */;
			productType = "com.apple.product-type.application";
		};
		408C0B8F1D21E14A003237E3 /* MirexTests */ = {
			isa = PBXNativeTarget;
			buildConfigurationList = 408C0BA71D21E14A003237E3 /* Build configuration list for PBXNativeTarget "MirexTests" */;
			buildPhases = (
				C366B76373AE664673147C32 /* [CP] Check Pods Manifest.lock */,
				408C0B8C1D21E14A003237E3 /* Sources */,
				408C0B8D1D21E14A003237E3 /* Frameworks */,
				408C0B8E1D21E14A003237E3 /* Resources */,
				33A3216E848BA81D0AC0A32D /* [CP] Embed Pods Frameworks */,
				C508B877972AD46ED29C42C0 /* [CP] Copy Pods Resources */,
			);
			buildRules = (
			);
			dependencies = (
				408C0B921D21E14A003237E3 /* PBXTargetDependency */,
			);
			name = MirexTests;
			productName = MirexTests;
			productReference = 408C0B901D21E14A003237E3 /* MirexTests.xctest */;
			productType = "com.apple.product-type.bundle.unit-test";
		};
		408C0B9A1D21E14A003237E3 /* MirexUITests */ = {
			isa = PBXNativeTarget;
			buildConfigurationList = 408C0BAA1D21E14A003237E3 /* Build configuration list for PBXNativeTarget "MirexUITests" */;
			buildPhases = (
				EAA640F7EED90F0655F555A2 /* [CP] Check Pods Manifest.lock */,
				408C0B971D21E14A003237E3 /* Sources */,
				408C0B981D21E14A003237E3 /* Frameworks */,
				408C0B991D21E14A003237E3 /* Resources */,
				A2B3D6AF85B5A785EDF4EE55 /* [CP] Copy Pods Resources */,
			);
			buildRules = (
			);
			dependencies = (
				408C0B9D1D21E14A003237E3 /* PBXTargetDependency */,
			);
			name = MirexUITests;
			productName = MirexUITests;
			productReference = 408C0B9B1D21E14A003237E3 /* MirexUITests.xctest */;
			productType = "com.apple.product-type.bundle.ui-testing";
		};
/* End PBXNativeTarget section */

/* Begin PBXProject section */
		408C0B741D21E14A003237E3 /* Project object */ = {
			isa = PBXProject;
			attributes = {
				LastSwiftUpdateCheck = 0730;
				LastUpgradeCheck = 0730;
				ORGANIZATIONNAME = Bottega;
				TargetAttributes = {
					408C0B7B1D21E14A003237E3 = {
						CreatedOnToolsVersion = 7.3;
					};
					408C0B8F1D21E14A003237E3 = {
						CreatedOnToolsVersion = 7.3;
						TestTargetID = 408C0B7B1D21E14A003237E3;
					};
					408C0B9A1D21E14A003237E3 = {
						CreatedOnToolsVersion = 7.3;
						TestTargetID = 408C0B7B1D21E14A003237E3;
					};
				};
			};
			buildConfigurationList = 408C0B771D21E14A003237E3 /* Build configuration list for PBXProject "Mirex" */;
			compatibilityVersion = "Xcode 3.2";
			developmentRegion = English;
			hasScannedForEncodings = 0;
			knownRegions = (
				en,
				Base,
			);
			mainGroup = 408C0B731D21E14A003237E3;
			productRefGroup = 408C0B7D1D21E14A003237E3 /* Products */;
			projectDirPath = "";
			projectRoot = "";
			targets = (
				408C0B7B1D21E14A003237E3 /* Mirex */,
				408C0B8F1D21E14A003237E3 /* MirexTests */,
				408C0B9A1D21E14A003237E3 /* MirexUITests */,
			);
		};
/* End PBXProject section */

/* Begin PBXResourcesBuildPhase section */
		408C0B7A1D21E14A003237E3 /* Resources */ = {
			isa = PBXResourcesBuildPhase;
			buildActionMask = 2147483647;
			files = (
				408C0B8A1D21E14A003237E3 /* LaunchScreen.storyboard in Resources */,
				408C0B871D21E14A003237E3 /* Assets.xcassets in Resources */,
				408C0B851D21E14A003237E3 /* Main.storyboard in Resources */,
				408C0BB41D21F051003237E3 /* OfferListItemCell.xib in Resources */,
			);
			runOnlyForDeploymentPostprocessing = 0;
		};
		408C0B8E1D21E14A003237E3 /* Resources */ = {
			isa = PBXResourcesBuildPhase;
			buildActionMask = 2147483647;
			files = (
			);
			runOnlyForDeploymentPostprocessing = 0;
		};
		408C0B991D21E14A003237E3 /* Resources */ = {
			isa = PBXResourcesBuildPhase;
			buildActionMask = 2147483647;
			files = (
			);
			runOnlyForDeploymentPostprocessing = 0;
		};
/* End PBXResourcesBuildPhase section */

/* Begin PBXShellScriptBuildPhase section */
		0BF0F77B9E77B36761974F90 /* [CP] Check Pods Manifest.lock */ = {
			isa = PBXShellScriptBuildPhase;
			buildActionMask = 2147483647;
			files = (
			);
			inputPaths = (
			);
			name = "[CP] Check Pods Manifest.lock";
			outputPaths = (
			);
			runOnlyForDeploymentPostprocessing = 0;
			shellPath = /bin/sh;
			shellScript = "diff \"${PODS_ROOT}/../Podfile.lock\" \"${PODS_ROOT}/Manifest.lock\" > /dev/null\nif [[ $? != 0 ]] ; then\n    cat << EOM\nerror: The sandbox is not in sync with the Podfile.lock. Run 'pod install' or update your CocoaPods installation.\nEOM\n    exit 1\nfi\n";
			showEnvVarsInLog = 0;
		};
		33A3216E848BA81D0AC0A32D /* [CP] Embed Pods Frameworks */ = {
			isa = PBXShellScriptBuildPhase;
			buildActionMask = 2147483647;
			files = (
			);
			inputPaths = (
			);
			name = "[CP] Embed Pods Frameworks";
			outputPaths = (
			);
			runOnlyForDeploymentPostprocessing = 0;
			shellPath = /bin/sh;
			shellScript = "\"${SRCROOT}/Pods/Target Support Files/Pods-MirexTests/Pods-MirexTests-frameworks.sh\"\n";
			showEnvVarsInLog = 0;
		};
		35C3C51A3D25A9CC910F8183 /* [CP] Copy Pods Resources */ = {
			isa = PBXShellScriptBuildPhase;
			buildActionMask = 2147483647;
			files = (
			);
			inputPaths = (
			);
			name = "[CP] Copy Pods Resources";
			outputPaths = (
			);
			runOnlyForDeploymentPostprocessing = 0;
			shellPath = /bin/sh;
			shellScript = "\"${SRCROOT}/Pods/Target Support Files/Pods-Mirex/Pods-Mirex-resources.sh\"\n";
			showEnvVarsInLog = 0;
		};
		A2B3D6AF85B5A785EDF4EE55 /* [CP] Copy Pods Resources */ = {
			isa = PBXShellScriptBuildPhase;
			buildActionMask = 2147483647;
			files = (
			);
			inputPaths = (
			);
			name = "[CP] Copy Pods Resources";
			outputPaths = (
			);
			runOnlyForDeploymentPostprocessing = 0;
			shellPath = /bin/sh;
			shellScript = "\"${SRCROOT}/Pods/Target Support Files/Pods-MirexUITests/Pods-MirexUITests-resources.sh\"\n";
			showEnvVarsInLog = 0;
		};
		C366B76373AE664673147C32 /* [CP] Check Pods Manifest.lock */ = {
			isa = PBXShellScriptBuildPhase;
			buildActionMask = 2147483647;
			files = (
			);
			inputPaths = (
			);
			name = "[CP] Check Pods Manifest.lock";
			outputPaths = (
			);
			runOnlyForDeploymentPostprocessing = 0;
			shellPath = /bin/sh;
			shellScript = "diff \"${PODS_ROOT}/../Podfile.lock\" \"${PODS_ROOT}/Manifest.lock\" > /dev/null\nif [[ $? != 0 ]] ; then\n    cat << EOM\nerror: The sandbox is not in sync with the Podfile.lock. Run 'pod install' or update your CocoaPods installation.\nEOM\n    exit 1\nfi\n";
			showEnvVarsInLog = 0;
		};
		C508B877972AD46ED29C42C0 /* [CP] Copy Pods Resources */ = {
			isa = PBXShellScriptBuildPhase;
			buildActionMask = 2147483647;
			files = (
			);
			inputPaths = (
			);
			name = "[CP] Copy Pods Resources";
			outputPaths = (
			);
			runOnlyForDeploymentPostprocessing = 0;
			shellPath = /bin/sh;
			shellScript = "\"${SRCROOT}/Pods/Target Support Files/Pods-MirexTests/Pods-MirexTests-resources.sh\"\n";
			showEnvVarsInLog = 0;
		};
		EA5A1AC5D3C2D288BFD67328 /* [CP] Embed Pods Frameworks */ = {
			isa = PBXShellScriptBuildPhase;
			buildActionMask = 2147483647;
			files = (
			);
			inputPaths = (
			);
			name = "[CP] Embed Pods Frameworks";
			outputPaths = (
			);
			runOnlyForDeploymentPostprocessing = 0;
			shellPath = /bin/sh;
			shellScript = "\"${SRCROOT}/Pods/Target Support Files/Pods-Mirex/Pods-Mirex-frameworks.sh\"\n";
			showEnvVarsInLog = 0;
		};
		EAA640F7EED90F0655F555A2 /* [CP] Check Pods Manifest.lock */ = {
			isa = PBXShellScriptBuildPhase;
			buildActionMask = 2147483647;
			files = (
			);
			inputPaths = (
			);
			name = "[CP] Check Pods Manifest.lock";
			outputPaths = (
			);
			runOnlyForDeploymentPostprocessing = 0;
			shellPath = /bin/sh;
			shellScript = "diff \"${PODS_ROOT}/../Podfile.lock\" \"${PODS_ROOT}/Manifest.lock\" > /dev/null\nif [[ $? != 0 ]] ; then\n    cat << EOM\nerror: The sandbox is not in sync with the Podfile.lock. Run 'pod install' or update your CocoaPods installation.\nEOM\n    exit 1\nfi\n";
			showEnvVarsInLog = 0;
		};
/* End PBXShellScriptBuildPhase section */

/* Begin PBXSourcesBuildPhase section */
		408C0B781D21E14A003237E3 /* Sources */ = {
			isa = PBXSourcesBuildPhase;
			buildActionMask = 2147483647;
			files = (
				408C0B821D21E14A003237E3 /* ViewController.swift in Sources */,
				408C0B801D21E14A003237E3 /* AppDelegate.swift in Sources */,
				408C0BAF1D21ED01003237E3 /* BackendModels.swift in Sources */,
				408C0BB31D21F051003237E3 /* OfferListItemCell.swift in Sources */,
			);
			runOnlyForDeploymentPostprocessing = 0;
		};
		408C0B8C1D21E14A003237E3 /* Sources */ = {
			isa = PBXSourcesBuildPhase;
			buildActionMask = 2147483647;
			files = (
				408C0B951D21E14A003237E3 /* MirexTests.swift in Sources */,
			);
			runOnlyForDeploymentPostprocessing = 0;
		};
		408C0B971D21E14A003237E3 /* Sources */ = {
			isa = PBXSourcesBuildPhase;
			buildActionMask = 2147483647;
			files = (
				408C0BA01D21E14A003237E3 /* MirexUITests.swift in Sources */,
			);
			runOnlyForDeploymentPostprocessing = 0;
		};
/* End PBXSourcesBuildPhase section */

/* Begin PBXTargetDependency section */
		408C0B921D21E14A003237E3 /* PBXTargetDependency */ = {
			isa = PBXTargetDependency;
			target = 408C0B7B1D21E14A003237E3 /* Mirex */;
			targetProxy = 408C0B911D21E14A003237E3 /* PBXContainerItemProxy */;
		};
		408C0B9D1D21E14A003237E3 /* PBXTargetDependency */ = {
			isa = PBXTargetDependency;
			target = 408C0B7B1D21E14A003237E3 /* Mirex */;
			targetProxy = 408C0B9C1D21E14A003237E3 /* PBXContainerItemProxy */;
		};
/* End PBXTargetDependency section */

/* Begin PBXVariantGroup section */
		408C0B831D21E14A003237E3 /* Main.storyboard */ = {
			isa = PBXVariantGroup;
			children = (
				408C0B841D21E14A003237E3 /* Base */,
			);
			name = Main.storyboard;
			sourceTree = "<group>";
		};
		408C0B881D21E14A003237E3 /* LaunchScreen.storyboard */ = {
			isa = PBXVariantGroup;
			children = (
				408C0B891D21E14A003237E3 /* Base */,
			);
			name = LaunchScreen.storyboard;
			sourceTree = "<group>";
		};
/* End PBXVariantGroup section */

/* Begin XCBuildConfiguration section */
		408C0BA21D21E14A003237E3 /* Debug */ = {
			isa = XCBuildConfiguration;
			buildSettings = {
				ALWAYS_SEARCH_USER_PATHS = NO;
				CLANG_ANALYZER_NONNULL = YES;
				CLANG_CXX_LANGUAGE_STANDARD = "gnu++0x";
				CLANG_CXX_LIBRARY = "libc++";
				CLANG_ENABLE_MODULES = YES;
				CLANG_ENABLE_OBJC_ARC = YES;
				CLANG_WARN_BOOL_CONVERSION = YES;
				CLANG_WARN_CONSTANT_CONVERSION = YES;
				CLANG_WARN_DIRECT_OBJC_ISA_USAGE = YES_ERROR;
				CLANG_WARN_EMPTY_BODY = YES;
				CLANG_WARN_ENUM_CONVERSION = YES;
				CLANG_WARN_INT_CONVERSION = YES;
				CLANG_WARN_OBJC_ROOT_CLASS = YES_ERROR;
				CLANG_WARN_UNREACHABLE_CODE = YES;
				CLANG_WARN__DUPLICATE_METHOD_MATCH = YES;
				"CODE_SIGN_IDENTITY[sdk=iphoneos*]" = "iPhone Developer";
				COPY_PHASE_STRIP = NO;
				DEBUG_INFORMATION_FORMAT = dwarf;
				ENABLE_STRICT_OBJC_MSGSEND = YES;
				ENABLE_TESTABILITY = YES;
				GCC_C_LANGUAGE_STANDARD = gnu99;
				GCC_DYNAMIC_NO_PIC = NO;
				GCC_NO_COMMON_BLOCKS = YES;
				GCC_OPTIMIZATION_LEVEL = 0;
				GCC_PREPROCESSOR_DEFINITIONS = (
					"DEBUG=1",
					"$(inherited)",
				);
				GCC_WARN_64_TO_32_BIT_CONVERSION = YES;
				GCC_WARN_ABOUT_RETURN_TYPE = YES_ERROR;
				GCC_WARN_UNDECLARED_SELECTOR = YES;
				GCC_WARN_UNINITIALIZED_AUTOS = YES_AGGRESSIVE;
				GCC_WARN_UNUSED_FUNCTION = YES;
				GCC_WARN_UNUSED_VARIABLE = YES;
				IPHONEOS_DEPLOYMENT_TARGET = 9.3;
				MTL_ENABLE_DEBUG_INFO = YES;
				ONLY_ACTIVE_ARCH = YES;
				SDKROOT = iphoneos;
				SWIFT_OPTIMIZATION_LEVEL = "-Onone";
				TARGETED_DEVICE_FAMILY = "1,2";
			};
			name = Debug;
		};
		408C0BA31D21E14A003237E3 /* Release */ = {
			isa = XCBuildConfiguration;
			buildSettings = {
				ALWAYS_SEARCH_USER_PATHS = NO;
				CLANG_ANALYZER_NONNULL = YES;
				CLANG_CXX_LANGUAGE_STANDARD = "gnu++0x";
				CLANG_CXX_LIBRARY = "libc++";
				CLANG_ENABLE_MODULES = YES;
				CLANG_ENABLE_OBJC_ARC = YES;
				CLANG_WARN_BOOL_CONVERSION = YES;
				CLANG_WARN_CONSTANT_CONVERSION = YES;
				CLANG_WARN_DIRECT_OBJC_ISA_USAGE = YES_ERROR;
				CLANG_WARN_EMPTY_BODY = YES;
				CLANG_WARN_ENUM_CONVERSION = YES;
				CLANG_WARN_INT_CONVERSION = YES;
				CLANG_WARN_OBJC_ROOT_CLASS = YES_ERROR;
				CLANG_WARN_UNREACHABLE_CODE = YES;
				CLANG_WARN__DUPLICATE_METHOD_MATCH = YES;
				"CODE_SIGN_IDENTITY[sdk=iphoneos*]" = "iPhone Developer";
				COPY_PHASE_STRIP = NO;
				DEBUG_INFORMATION_FORMAT = "dwarf-with-dsym";
				ENABLE_NS_ASSERTIONS = NO;
				ENABLE_STRICT_OBJC_MSGSEND = YES;
				GCC_C_LANGUAGE_STANDARD = gnu99;
				GCC_NO_COMMON_BLOCKS = YES;
				GCC_WARN_64_TO_32_BIT_CONVERSION = YES;
				GCC_WARN_ABOUT_RETURN_TYPE = YES_ERROR;
				GCC_WARN_UNDECLARED_SELECTOR = YES;
				GCC_WARN_UNINITIALIZED_AUTOS = YES_AGGRESSIVE;
				GCC_WARN_UNUSED_FUNCTION = YES;
				GCC_WARN_UNUSED_VARIABLE = YES;
				IPHONEOS_DEPLOYMENT_TARGET = 9.3;
				MTL_ENABLE_DEBUG_INFO = NO;
				SDKROOT = iphoneos;
				TARGETED_DEVICE_FAMILY = "1,2";
				VALIDATE_PRODUCT = YES;
			};
			name = Release;
		};
		408C0BA51D21E14A003237E3 /* Debug */ = {
			isa = XCBuildConfiguration;
			baseConfigurationReference = 5E371B1B8CC675C0955D5C17 /* Pods-Mirex.debug.xcconfig */;
			buildSettings = {
				ASSETCATALOG_COMPILER_APPICON_NAME = AppIcon;
				INFOPLIST_FILE = Mirex/Info.plist;
				LD_RUNPATH_SEARCH_PATHS = "$(inherited) @executable_path/Frameworks";
				PRODUCT_BUNDLE_IDENTIFIER = com.bottega.Mirex;
				PRODUCT_NAME = "$(TARGET_NAME)";
			};
			name = Debug;
		};
		408C0BA61D21E14A003237E3 /* Release */ = {
			isa = XCBuildConfiguration;
			baseConfigurationReference = E891A332A73718FAEE0C376F /* Pods-Mirex.release.xcconfig */;
			buildSettings = {
				ASSETCATALOG_COMPILER_APPICON_NAME = AppIcon;
				INFOPLIST_FILE = Mirex/Info.plist;
				LD_RUNPATH_SEARCH_PATHS = "$(inherited) @executable_path/Frameworks";
				PRODUCT_BUNDLE_IDENTIFIER = com.bottega.Mirex;
				PRODUCT_NAME = "$(TARGET_NAME)";
			};
			name = Release;
		};
		408C0BA81D21E14A003237E3 /* Debug */ = {
			isa = XCBuildConfiguration;
			baseConfigurationReference = 89392987ED8A6BCE7BDF716B /* Pods-MirexTests.debug.xcconfig */;
			buildSettings = {
				BUNDLE_LOADER = "$(TEST_HOST)";
				INFOPLIST_FILE = MirexTests/Info.plist;
				LD_RUNPATH_SEARCH_PATHS = "$(inherited) @executable_path/Frameworks @loader_path/Frameworks";
				PRODUCT_BUNDLE_IDENTIFIER = com.bottega.MirexTests;
				PRODUCT_NAME = "$(TARGET_NAME)";
				TEST_HOST = "$(BUILT_PRODUCTS_DIR)/Mirex.app/Mirex";
			};
			name = Debug;
		};
		408C0BA91D21E14A003237E3 /* Release */ = {
			isa = XCBuildConfiguration;
			baseConfigurationReference = 8BCAD2F30A79BE03D1606B0F /* Pods-MirexTests.release.xcconfig */;
			buildSettings = {
				BUNDLE_LOADER = "$(TEST_HOST)";
				INFOPLIST_FILE = MirexTests/Info.plist;
				LD_RUNPATH_SEARCH_PATHS = "$(inherited) @executable_path/Frameworks @loader_path/Frameworks";
				PRODUCT_BUNDLE_IDENTIFIER = com.bottega.MirexTests;
				PRODUCT_NAME = "$(TARGET_NAME)";
				TEST_HOST = "$(BUILT_PRODUCTS_DIR)/Mirex.app/Mirex";
			};
			name = Release;
		};
		408C0BAB1D21E14A003237E3 /* Debug */ = {
			isa = XCBuildConfiguration;
			baseConfigurationReference = FC213EA4B18739036408B653 /* Pods-MirexUITests.debug.xcconfig */;
			buildSettings = {
				INFOPLIST_FILE = MirexUITests/Info.plist;
				LD_RUNPATH_SEARCH_PATHS = "$(inherited) @executable_path/Frameworks @loader_path/Frameworks";
				PRODUCT_BUNDLE_IDENTIFIER = com.bottega.MirexUITests;
				PRODUCT_NAME = "$(TARGET_NAME)";
				TEST_TARGET_NAME = Mirex;
			};
			name = Debug;
		};
		408C0BAC1D21E14A003237E3 /* Release */ = {
			isa = XCBuildConfiguration;
			baseConfigurationReference = 1663CCD42B403888D142E120 /* Pods-MirexUITests.release.xcconfig */;
			buildSettings = {
				INFOPLIST_FILE = MirexUITests/Info.plist;
				LD_RUNPATH_SEARCH_PATHS = "$(inherited) @executable_path/Frameworks @loader_path/Frameworks";
				PRODUCT_BUNDLE_IDENTIFIER = com.bottega.MirexUITests;
				PRODUCT_NAME = "$(TARGET_NAME)";
				TEST_TARGET_NAME = Mirex;
			};
			name = Release;
		};
/* End XCBuildConfiguration section */

/* Begin XCConfigurationList section */
		408C0B771D21E14A003237E3 /* Build configuration list for PBXProject "Mirex" */ = {
			isa = XCConfigurationList;
			buildConfigurations = (
				408C0BA21D21E14A003237E3 /* Debug */,
				408C0BA31D21E14A003237E3 /* Release */,
			);
			defaultConfigurationIsVisible = 0;
			defaultConfigurationName = Release;
		};
		408C0BA41D21E14A003237E3 /* Build configuration list for PBXNativeTarget "Mirex" */ = {
			isa = XCConfigurationList;
			buildConfigurations = (
				408C0BA51D21E14A003237E3 /* Debug */,
				408C0BA61D21E14A003237E3 /* Release */,
			);
			defaultConfigurationIsVisible = 0;
			defaultConfigurationName = Release;
		};
		408C0BA71D21E14A003237E3 /* Build configuration list for PBXNativeTarget "MirexTests" */ = {
			isa = XCConfigurationList;
			buildConfigurations = (
				408C0BA81D21E14A003237E3 /* Debug */,
				408C0BA91D21E14A003237E3 /* Release */,
			);
			defaultConfigurationIsVisible = 0;
			defaultConfigurationName = Release;
		};
		408C0BAA1D21E14A003237E3 /* Build configuration list for PBXNativeTarget "MirexUITests" */ = {
			isa = XCConfigurationList;
			buildConfigurations = (
				408C0BAB1D21E14A003237E3 /* Debug */,
				408C0BAC1D21E14A003237E3 /* Release */,
			);
			defaultConfigurationIsVisible = 0;
			defaultConfigurationName = Release;
		};
/* End XCConfigurationList section */
	};
	rootObject = 408C0B741D21E14A003237E3 /* Project object */;
}
